
Microsoft Visual Studio Solution File, Format Version 12.00
# Visual Studio Version 17
VisualStudioVersion = 17.8.34316.72
MinimumVisualStudioVersion = 10.0.40219.1
Project("{FAE04EC0-301F-11D3-BF4B-00C04F79EFBC}") = "Entidade", "Entidade\Entidade.csproj", "{05F50483-6AF9-43E8-8ABF-E573454792FE}"
EndProject
Project("{FAE04EC0-301F-11D3-BF4B-00C04F79EFBC}") = "Entidade.Service", "Entidade.Service\Entidade.Service.csproj", "{C6165162-9EBD-491C-9329-6CFE3549E51D}"
EndProject
Project("{FAE04EC0-301F-11D3-BF4B-00C04F79EFBC}") = "Entidade.Repository", "Entidade.Repository\Entidade.Repository.csproj", "{E1A1D076-40D6-4586-84C4-EB74355721C6}"
EndProject
Project("{FAE04EC0-301F-11D3-BF4B-00C04F79EFBC}") = "Entidade.Domain", "Entidade.Domain\Entidade.Domain.csproj", "{FBE0C19E-D456-4F8A-9B38-DBB089537CEF}"
EndProject
Global
	GlobalSection(SolutionConfigurationPlatforms) = preSolution
		Debug|Any CPU = Debug|Any CPU
		Release|Any CPU = Release|Any CPU
	EndGlobalSection
	GlobalSection(ProjectConfigurationPlatforms) = postSolution
		{05F50483-6AF9-43E8-8ABF-E573454792FE}.Debug|Any CPU.ActiveCfg = Debug|Any CPU
		{05F50483-6AF9-43E8-8ABF-E573454792FE}.Debug|Any CPU.Build.0 = Debug|Any CPU
		{05F50483-6AF9-43E8-8ABF-E573454792FE}.Release|Any CPU.ActiveCfg = Release|Any CPU
		{05F50483-6AF9-43E8-8ABF-E573454792FE}.Release|Any CPU.Build.0 = Release|Any CPU
		{C6165162-9EBD-491C-9329-6CFE3549E51D}.Debug|Any CPU.ActiveCfg = Debug|Any CPU
		{C6165162-9EBD-491C-9329-6CFE3549E51D}.Debug|Any CPU.Build.0 = Debug|Any CPU
		{C6165162-9EBD-491C-9329-6CFE3549E51D}.Release|Any CPU.ActiveCfg = Release|Any CPU
		{C6165162-9EBD-491C-9329-6CFE3549E51D}.Release|Any CPU.Build.0 = Release|Any CPU
		{E1A1D076-40D6-4586-84C4-EB74355721C6}.Debug|Any CPU.ActiveCfg = Debug|Any CPU
		{E1A1D076-40D6-4586-84C4-EB74355721C6}.Debug|Any CPU.Build.0 = Debug|Any CPU
		{E1A1D076-40D6-4586-84C4-EB74355721C6}.Release|Any CPU.ActiveCfg = Release|Any CPU
		{E1A1D076-40D6-4586-84C4-EB74355721C6}.Release|Any CPU.Build.0 = Release|Any CPU
		{FBE0C19E-D456-4F8A-9B38-DBB089537CEF}.Debug|Any CPU.ActiveCfg = Debug|Any CPU
		{FBE0C19E-D456-4F8A-9B38-DBB089537CEF}.Debug|Any CPU.Build.0 = Debug|Any CPU
		{FBE0C19E-D456-4F8A-9B38-DBB089537CEF}.Release|Any CPU.ActiveCfg = Release|Any CPU
		{FBE0C19E-D456-4F8A-9B38-DBB089537CEF}.Release|Any CPU.Build.0 = Release|Any CPU
	EndGlobalSection
	GlobalSection(SolutionProperties) = preSolution
		HideSolutionNode = FALSE
	EndGlobalSection
	GlobalSection(ExtensibilityGlobals) = postSolution
		SolutionGuid = {2DCB5BF7-3646-4A52-B548-329CCACE0D9D}
	EndGlobalSection
EndGlobal
